{
  "name": "nodejs",
  "lockfileVersion": 3,
  "requires": true,
  "packages": {
    "": {
      "dependencies": {
        "@valkey/valkey-glide": "^1.3.2",
        "@valkey/valkey-glide-linux-musl-x64": "^1.3.2",
        "@valkey/valkey-glide-linux-x64": "^1.3.2"
      }
    },
    "node_modules/@protobufjs/aspromise": {
      "version": "1.1.2",
      "resolved": "https://registry.npmjs.org/@protobufjs/aspromise/-/aspromise-1.1.2.tgz",
      "integrity": "sha512-j+gKExEuLmKwvz3OgROXtrJ2UG2x8Ch2YZUxahh+s1F2HZ+wAceUNLkvy6zKCPVRkU++ZWQrdxsUeQXmcg4uoQ==",
      "license": "BSD-3-Clause"
    },
    "node_modules/@protobufjs/base64": {
      "version": "1.1.2",
      "resolved": "https://registry.npmjs.org/@protobufjs/base64/-/base64-1.1.2.tgz",
      "integrity": "sha512-AZkcAA5vnN/v4PDqKyMR5lx7hZttPDgClv83E//FMNhR2TMcLUhfRUBHCmSl0oi9zMgDDqRUJkSxO3wm85+XLg==",
      "license": "BSD-3-Clause"
    },
    "node_modules/@protobufjs/codegen": {
      "version": "2.0.4",
      "resolved": "https://registry.npmjs.org/@protobufjs/codegen/-/codegen-2.0.4.tgz",
      "integrity": "sha512-YyFaikqM5sH0ziFZCN3xDC7zeGaB/d0IUb9CATugHWbd1FRFwWwt4ld4OYMPWu5a3Xe01mGAULCdqhMlPl29Jg==",
      "license": "BSD-3-Clause"
    },
    "node_modules/@protobufjs/eventemitter": {
      "version": "1.1.0",
      "resolved": "https://registry.npmjs.org/@protobufjs/eventemitter/-/eventemitter-1.1.0.tgz",
      "integrity": "sha512-j9ednRT81vYJ9OfVuXG6ERSTdEL1xVsNgqpkxMsbIabzSo3goCjDIveeGv5d03om39ML71RdmrGNjG5SReBP/Q==",
      "license": "BSD-3-Clause"
    },
    "node_modules/@protobufjs/fetch": {
      "version": "1.1.0",
      "resolved": "https://registry.npmjs.org/@protobufjs/fetch/-/fetch-1.1.0.tgz",
      "integrity": "sha512-lljVXpqXebpsijW71PZaCYeIcE5on1w5DlQy5WH6GLbFryLUrBD4932W/E2BSpfRJWseIL4v/KPgBFxDOIdKpQ==",
      "license": "BSD-3-Clause",
      "dependencies": {
        "@protobufjs/aspromise": "^1.1.1",
        "@protobufjs/inquire": "^1.1.0"
      }
    },
    "node_modules/@protobufjs/float": {
      "version": "1.0.2",
      "resolved": "https://registry.npmjs.org/@protobufjs/float/-/float-1.0.2.tgz",
      "integrity": "sha512-Ddb+kVXlXst9d+R9PfTIxh1EdNkgoRe5tOX6t01f1lYWOvJnSPDBlG241QLzcyPdoNTsblLUdujGSE4RzrTZGQ==",
      "license": "BSD-3-Clause"
    },
    "node_modules/@protobufjs/inquire": {
      "version": "1.1.0",
      "resolved": "https://registry.npmjs.org/@protobufjs/inquire/-/inquire-1.1.0.tgz",
      "integrity": "sha512-kdSefcPdruJiFMVSbn801t4vFK7KB/5gd2fYvrxhuJYg8ILrmn9SKSX2tZdV6V+ksulWqS7aXjBcRXl3wHoD9Q==",
      "license": "BSD-3-Clause"
    },
    "node_modules/@protobufjs/path": {
      "version": "1.1.2",
      "resolved": "https://registry.npmjs.org/@protobufjs/path/-/path-1.1.2.tgz",
      "integrity": "sha512-6JOcJ5Tm08dOHAbdR3GrvP+yUUfkjG5ePsHYczMFLq3ZmMkAD98cDgcT2iA1lJ9NVwFd4tH/iSSoe44YWkltEA==",
      "license": "BSD-3-Clause"
    },
    "node_modules/@protobufjs/pool": {
      "version": "1.1.0",
      "resolved": "https://registry.npmjs.org/@protobufjs/pool/-/pool-1.1.0.tgz",
      "integrity": "sha512-0kELaGSIDBKvcgS4zkjz1PeddatrjYcmMWOlAuAPwAeccUrPHdUqo/J6LiymHHEiJT5NrF1UVwxY14f+fy4WQw==",
      "license": "BSD-3-Clause"
    },
    "node_modules/@protobufjs/utf8": {
      "version": "1.1.0",
      "resolved": "https://registry.npmjs.org/@protobufjs/utf8/-/utf8-1.1.0.tgz",
      "integrity": "sha512-Vvn3zZrhQZkkBE8LSuW3em98c0FwgO4nxzv6OdSxPKJIEKY2bGbHn+mhGIPerzI4twdxaP8/0+06HBpwf345Lw==",
      "license": "BSD-3-Clause"
    },
    "node_modules/@types/node": {
      "version": "22.14.1",
      "resolved": "https://registry.npmjs.org/@types/node/-/node-22.14.1.tgz",
      "integrity": "sha512-u0HuPQwe/dHrItgHHpmw3N2fYCR6x4ivMNbPHRkBVP4CvN+kiRrKHWk3i8tXiO/joPwXLMYvF9TTF0eqgHIuOw==",
      "license": "MIT",
      "dependencies": {
        "undici-types": "~6.21.0"
      }
    },
    "node_modules/@valkey/valkey-glide": {
      "version": "1.3.2",
      "resolved": "https://registry.npmjs.org/@valkey/valkey-glide/-/valkey-glide-1.3.2.tgz",
      "integrity": "sha512-ddIuJDX9IYj9LTM0HX6pJUXhp61r/GjXVJkc9C7eChdliREPVlUbXE6+r0WpmXhFNsyTcQPumF4udmLM5irv7w==",
      "license": "Apache-2.0",
      "dependencies": {
        "detect-libc": "^2.0.3"
      },
      "optionalDependencies": {
        "@valkey/valkey-glide-darwin-arm64": "1.3.2",
        "@valkey/valkey-glide-linux-arm64": "1.3.2",
        "@valkey/valkey-glide-linux-musl-arm64": "1.3.2",
        "@valkey/valkey-glide-linux-musl-x64": "1.3.2",
        "@valkey/valkey-glide-linux-x64": "1.3.2"
      }
    },
    "node_modules/@valkey/valkey-glide-darwin-arm64": {
      "version": "1.3.2",
      "resolved": "https://registry.npmjs.org/@valkey/valkey-glide-darwin-arm64/-/valkey-glide-darwin-arm64-1.3.2.tgz",
      "integrity": "sha512-5gd28vV6Yb1SDwf9kK+OtYwOFGe2K7cKX7kWsd+dXtoLZmtb09UEqTxmykoY6i1MI3fkGapXt7JjHx/Fr08IAg==",
      "bundleDependencies": [
        "glide-rs"
      ],
      "cpu": [
        "arm64"
      ],
      "license": "Apache-2.0",
      "optional": true,
      "os": [
        "darwin"
      ],
      "dependencies": {
        "glide-rs": "file:rust-client",
        "long": "^5.2.3",
        "npmignore": "^0.3.1",
        "protobufjs": "^7.4.0"
      },
      "engines": {
        "node": ">=16"
      }
    },
    "node_modules/@valkey/valkey-glide-darwin-arm64/node_modules/glide-rs": {
      "version": "0.1.0",
      "inBundle": true,
      "license": "Apache-2.0",
      "optional": true,
      "dependencies": {
        "save": "^2.9.0"
      },
      "engines": {
        "node": ">= 10"
      }
    },
    "node_modules/@valkey/valkey-glide-linux-arm64": {
      "version": "1.3.2",
      "resolved": "https://registry.npmjs.org/@valkey/valkey-glide-linux-arm64/-/valkey-glide-linux-arm64-1.3.2.tgz",
      "integrity": "sha512-urDqAoTNKDA6/49iLv6LAzVGXnOmlOflc/7c4E2WAluPFFXFkRMx9W2FrnPSZkF18rGd7Q8dFxJIB+5YDrOOHA==",
      "bundleDependencies": [
        "glide-rs"
      ],
      "cpu": [
        "arm64"
      ],
      "license": "Apache-2.0",
      "optional": true,
      "os": [
        "linux"
      ],
      "dependencies": {
        "glide-rs": "file:rust-client",
        "long": "^5.2.3",
        "npmignore": "^0.3.1",
        "protobufjs": "^7.4.0"
      },
      "engines": {
        "node": ">=16"
      }
    },
    "node_modules/@valkey/valkey-glide-linux-arm64/node_modules/glide-rs": {
      "version": "0.1.0",
      "inBundle": true,
      "license": "Apache-2.0",
      "optional": true,
      "dependencies": {
        "save": "^2.9.0"
      },
      "engines": {
        "node": ">= 10"
      }
    },
    "node_modules/@valkey/valkey-glide-linux-musl-arm64": {
      "version": "1.3.2",
      "resolved": "https://registry.npmjs.org/@valkey/valkey-glide-linux-musl-arm64/-/valkey-glide-linux-musl-arm64-1.3.2.tgz",
      "integrity": "sha512-ZFImBYeilwdHSBfLmG09cdB6TwYJJbkEfqa8IsTtwdrQurWfzkVUle2cDWi/xDZC4MzNGzdO0bhYpGQd9LizAg==",
      "bundleDependencies": [
        "glide-rs"
      ],
      "cpu": [
        "arm64"
      ],
      "license": "Apache-2.0",
      "optional": true,
      "os": [
        "linux"
      ],
      "dependencies": {
        "glide-rs": "file:rust-client",
        "long": "^5.2.3",
        "npmignore": "^0.3.1",
        "protobufjs": "^7.4.0"
      },
      "engines": {
        "node": ">=16"
      }
    },
    "node_modules/@valkey/valkey-glide-linux-musl-arm64/node_modules/glide-rs": {
      "version": "0.1.0",
      "inBundle": true,
      "license": "Apache-2.0",
      "optional": true,
      "dependencies": {
        "save": "^2.9.0"
      },
      "engines": {
        "node": ">= 10"
      }
    },
    "node_modules/@valkey/valkey-glide-linux-musl-x64": {
      "version": "1.3.2",
      "resolved": "https://registry.npmjs.org/@valkey/valkey-glide-linux-musl-x64/-/valkey-glide-linux-musl-x64-1.3.2.tgz",
      "integrity": "sha512-eH7yYseuCvysF0nHZ30gG+aPBiKJme2cxt8n4bT6yqxWqul+O2VzYowBsBf4foaGWzvcAOTDvrXnbh3wWjFPCQ==",
      "bundleDependencies": [
        "glide-rs"
      ],
      "cpu": [
        "x64"
      ],
      "license": "Apache-2.0",
      "os": [
        "linux"
      ],
      "dependencies": {
        "glide-rs": "file:rust-client",
        "long": "^5.2.3",
        "npmignore": "^0.3.1",
        "protobufjs": "^7.4.0"
      },
      "engines": {
        "node": ">=16"
      }
    },
    "node_modules/@valkey/valkey-glide-linux-musl-x64/node_modules/glide-rs": {
      "version": "0.1.0",
      "inBundle": true,
      "license": "Apache-2.0",
      "dependencies": {
        "save": "^2.9.0"
      },
      "engines": {
        "node": ">= 10"
      }
    },
    "node_modules/@valkey/valkey-glide-linux-x64": {
      "version": "1.3.2",
      "resolved": "https://registry.npmjs.org/@valkey/valkey-glide-linux-x64/-/valkey-glide-linux-x64-1.3.2.tgz",
      "integrity": "sha512-AcSRkGFsjHhiorRVm1HYJ+O5kKJD7ZSF7ycWlKSo5ubKaguaTFdLs8tctIGwV0Vj6VtXYcpb8Y5g6j9JsKrnVQ==",
      "bundleDependencies": [
        "glide-rs"
      ],
      "cpu": [
        "x64"
      ],
      "license": "Apache-2.0",
      "os": [
        "linux"
      ],
      "dependencies": {
        "glide-rs": "file:rust-client",
        "long": "^5.2.3",
        "npmignore": "^0.3.1",
        "protobufjs": "^7.4.0"
      },
      "engines": {
        "node": ">=16"
      }
    },
    "node_modules/@valkey/valkey-glide-linux-x64/node_modules/glide-rs": {
      "version": "0.1.0",
      "inBundle": true,
      "license": "Apache-2.0",
      "dependencies": {
        "save": "^2.9.0"
      },
      "engines": {
        "node": ">= 10"
      }
    },
    "node_modules/async": {
      "version": "3.2.6",
      "resolved": "https://registry.npmjs.org/async/-/async-3.2.6.tgz",
      "integrity": "sha512-htCUDlxyyCLMgaM3xXg0C0LW2xqfuQ6p05pCEIsXuyQ+a1koYKTuBMzRNwmybfLgvJDMd0r1LTn4+E0Ti6C2AA==",
      "license": "MIT"
    },
    "node_modules/detect-libc": {
      "version": "2.0.3",
      "resolved": "https://registry.npmjs.org/detect-libc/-/detect-libc-2.0.3.tgz",
      "integrity": "sha512-bwy0MGW55bG41VqxxypOsdSdGqLwXPI/focwgTYCFMbdUiBAxLg9CFzG08sz2aqzknwiX7Hkl0bQENjg8iLByw==",
      "license": "Apache-2.0",
      "engines": {
        "node": ">=8"
      }
    },
    "node_modules/duplexer": {
      "version": "0.1.2",
      "resolved": "https://registry.npmjs.org/duplexer/-/duplexer-0.1.2.tgz",
      "integrity": "sha512-jtD6YG370ZCIi/9GTaJKQxWTZD045+4R4hTk/x1UyoqadyJ9x9CgSi1RlVDQF8U2sxLLSnFkCaMihqljHIWgMg==",
      "license": "MIT"
    },
    "node_modules/event-stream": {
      "version": "4.0.1",
      "resolved": "https://registry.npmjs.org/event-stream/-/event-stream-4.0.1.tgz",
      "integrity": "sha512-qACXdu/9VHPBzcyhdOWR5/IahhGMf0roTeZJfzz077GwylcDd90yOHLouhmv7GJ5XzPi6ekaQWd8AvPP2nOvpA==",
      "license": "MIT",
      "dependencies": {
        "duplexer": "^0.1.1",
        "from": "^0.1.7",
        "map-stream": "0.0.7",
        "pause-stream": "^0.0.11",
        "split": "^1.0.1",
        "stream-combiner": "^0.2.2",
        "through": "^2.3.8"
      }
    },
    "node_modules/from": {
      "version": "0.1.7",
      "resolved": "https://registry.npmjs.org/from/-/from-0.1.7.tgz",
      "integrity": "sha512-twe20eF1OxVxp/ML/kq2p1uc6KvFK/+vs8WjEbeKmV2He22MKm7YF2ANIt+EOqhJ5L3K/SuuPhk0hWQDjOM23g==",
      "license": "MIT"
    },
    "node_modules/lodash.assign": {
      "version": "4.2.0",
      "resolved": "https://registry.npmjs.org/lodash.assign/-/lodash.assign-4.2.0.tgz",
      "integrity": "sha512-hFuH8TY+Yji7Eja3mGiuAxBqLagejScbG8GbG0j6o9vzn0YL14My+ktnqtZgFTosKymC9/44wP6s7xyuLfnClw==",
      "license": "MIT"
    },
    "node_modules/long": {
      "version": "5.3.1",
      "resolved": "https://registry.npmjs.org/long/-/long-5.3.1.tgz",
      "integrity": "sha512-ka87Jz3gcx/I7Hal94xaN2tZEOPoUOEVftkQqZx2EeQRN7LGdfLlI3FvZ+7WDplm+vK2Urx9ULrvSowtdCieng==",
      "license": "Apache-2.0"
    },
    "node_modules/map-stream": {
      "version": "0.0.7",
      "resolved": "https://registry.npmjs.org/map-stream/-/map-stream-0.0.7.tgz",
      "integrity": "sha512-C0X0KQmGm3N2ftbTGBhSyuydQ+vV1LC3f3zPvT3RXHXNZrvfPZcoXp/N5DOa8vedX/rTMm2CjTtivFg2STJMRQ==",
      "license": "MIT"
    },
    "node_modules/mingo": {
      "version": "6.6.0",
      "resolved": "https://registry.npmjs.org/mingo/-/mingo-6.6.0.tgz",
      "integrity": "sha512-PQDd4tHjHTBYFsPJQXqehr8SPXbip0bxPG4nqweNtxIiiHm3lhvNgSyt4KMkg98BHt4Um6BNuA/xBpWyf57acw==",
      "license": "MIT"
    },
    "node_modules/minimist": {
      "version": "1.2.8",
      "resolved": "https://registry.npmjs.org/minimist/-/minimist-1.2.8.tgz",
      "integrity": "sha512-2yyAR8qBkN3YuheJanUpWC5U3bb5osDywNB8RzDVlDwDHbocAJveqqj1u8+SVD7jkWT4yvsHCpWqqWqAxb0zCA==",
      "license": "MIT",
      "funding": {
        "url": "https://github.com/sponsors/ljharb"
      }
    },
    "node_modules/npmignore": {
      "version": "0.3.1",
      "resolved": "https://registry.npmjs.org/npmignore/-/npmignore-0.3.1.tgz",
      "integrity": "sha512-bBDWyDhP/p7fFlAvKrN1gl/q0nsxkouezRBJmfzvJNHnWbRlC8j2xV9zteIkS9tlFuECgaV3nlJixQpJRe5EQg==",
      "license": "MIT",
      "dependencies": {
        "minimist": "^1.2.8"
      },
      "bin": {
        "npmignore": "bin/npmignore"
      },
      "engines": {
        "node": ">=0.10.0"
      },
      "funding": {
        "url": "https://github.com/sponsors/ljharb"
      }
    },
    "node_modules/pause-stream": {
      "version": "0.0.11",
      "resolved": "https://registry.npmjs.org/pause-stream/-/pause-stream-0.0.11.tgz",
      "integrity": "sha512-e3FBlXLmN/D1S+zHzanP4E/4Z60oFAa3O051qt1pxa7DEJWKAyil6upYVXCWadEnuoqa4Pkc9oUx9zsxYeRv8A==",
      "license": [
        "MIT",
        "Apache2"
      ],
      "dependencies": {
        "through": "~2.3"
      }
    },
    "node_modules/protobufjs": {
      "version": "7.4.0",
      "resolved": "https://registry.npmjs.org/protobufjs/-/protobufjs-7.4.0.tgz",
      "integrity": "sha512-mRUWCc3KUU4w1jU8sGxICXH/gNS94DvI1gxqDvBzhj1JpcsimQkYiOJfwsPUykUI5ZaspFbSgmBLER8IrQ3tqw==",
      "hasInstallScript": true,
      "license": "BSD-3-Clause",
      "dependencies": {
        "@protobufjs/aspromise": "^1.1.2",
        "@protobufjs/base64": "^1.1.2",
        "@protobufjs/codegen": "^2.0.4",
        "@protobufjs/eventemitter": "^1.1.0",
        "@protobufjs/fetch": "^1.1.0",
        "@protobufjs/float": "^1.0.2",
        "@protobufjs/inquire": "^1.1.0",
        "@protobufjs/path": "^1.1.2",
        "@protobufjs/pool": "^1.1.0",
        "@protobufjs/utf8": "^1.1.0",
        "@types/node": ">=13.7.0",
        "long": "^5.0.0"
      },
      "engines": {
        "node": ">=12.0.0"
      }
    },
    "node_modules/save": {
      "version": "2.9.0",
      "resolved": "https://registry.npmjs.org/save/-/save-2.9.0.tgz",
      "integrity": "sha512-eg8+g8CjvehE/2C6EbLdtK1pINVD27pcJLj4M9PjWWhoeha/y5bWf4dp/0RF+OzbKTcG1bae9qi3PAqiR8CJTg==",
      "license": "ISC",
      "dependencies": {
        "async": "^3.2.2",
        "event-stream": "^4.0.1",
        "lodash.assign": "^4.2.0",
        "mingo": "^6.1.0"
      }
    },
    "node_modules/split": {
      "version": "1.0.1",
      "resolved": "https://registry.npmjs.org/split/-/split-1.0.1.tgz",
      "integrity": "sha512-mTyOoPbrivtXnwnIxZRFYRrPNtEFKlpB2fvjSnCQUiAA6qAZzqwna5envK4uk6OIeP17CsdF3rSBGYVBsU0Tkg==",
      "license": "MIT",
      "dependencies": {
        "through": "2"
      },
      "engines": {
        "node": "*"
      }
    },
    "node_modules/stream-combiner": {
      "version": "0.2.2",
      "resolved": "https://registry.npmjs.org/stream-combiner/-/stream-combiner-0.2.2.tgz",
      "integrity": "sha512-6yHMqgLYDzQDcAkL+tjJDC5nSNuNIx0vZtRZeiPh7Saef7VHX9H5Ijn9l2VIol2zaNYlYEX6KyuT/237A58qEQ==",
      "license": "MIT",
      "dependencies": {
        "duplexer": "~0.1.1",
        "through": "~2.3.4"
      }
    },
    "node_modules/through": {
      "version": "2.3.8",
      "resolved": "https://registry.npmjs.org/through/-/through-2.3.8.tgz",
      "integrity": "sha512-w89qg7PI8wAdvX60bMDP+bFoD5Dvhm9oLheFp5O4a2QF0cSBGsBX4qZmadPMvVqlLJBBci+WqGGOAPvcDeNSVg==",
      "license": "MIT"
    },
    "node_modules/undici-types": {
      "version": "6.21.0",
      "resolved": "https://registry.npmjs.org/undici-types/-/undici-types-6.21.0.tgz",
      "integrity": "sha512-iwDZqg0QAGrg9Rav5H4n0M64c3mkR59cJ6wQp+7C4nI0gsmExaedaYLNO44eT4AtBBwjbTiGPMlt2Md0T9H9JQ==",
      "license": "MIT"
    }
  }
}
